
Microsoft Visual Studio Solution File, Format Version 12.00
# Visual Studio Version 17
VisualStudioVersion = 17.13.35825.156 d17.13
MinimumVisualStudioVersion = 10.0.40219.1
Project("{FAE04EC0-301F-11D3-BF4B-00C04F79EFBC}") = "TestMaskedPassword", "TestMaskedPassword\TestMaskedPassword.csproj", "{4B3E405F-1CF1-4D7B-838C-B2C50B645E89}"
EndProject
Global
	GlobalSection(SolutionConfigurationPlatforms) = preSolution
		Debug|Any CPU = Debug|Any CPU
		Release|Any CPU = Release|Any CPU
	EndGlobalSection
	GlobalSection(ProjectConfigurationPlatforms) = postSolution
		{4B3E405F-1CF1-4D7B-838C-B2C50B645E89}.Debug|Any CPU.ActiveCfg = Debug|Any CPU
		{4B3E405F-1CF1-4D7B-838C-B2C50B645E89}.Debug|Any CPU.Build.0 = Debug|Any CPU
		{4B3E405F-1CF1-4D7B-838C-B2C50B645E89}.Release|Any CPU.ActiveCfg = Release|Any CPU
		{4B3E405F-1CF1-4D7B-838C-B2C50B645E89}.Release|Any CPU.Build.0 = Release|Any CPU
	EndGlobalSection
	GlobalSection(SolutionProperties) = preSolution
		HideSolutionNode = FALSE
	EndGlobalSection
	GlobalSection(ExtensibilityGlobals) = postSolution
		SolutionGuid = {856DE3AF-34B6-4C96-BF84-21E4B1CB02C0}
	EndGlobalSection
EndGlobal
